
Microsoft Visual Studio Solution File, Format Version 12.00
# Visual Studio 15
VisualStudioVersion = 15.0.27703.2035
MinimumVisualStudioVersion = 10.0.40219.1
Project("{9A19103F-16F7-4668-BE54-9A1E7A4F7556}") = "Sample.Web", "Sample.Web\Sample.Web.csproj", "{17125899-4E17-4C57-B171-B78AA0B9ECC1}"
EndProject
Project("{9A19103F-16F7-4668-BE54-9A1E7A4F7556}") = "Sample.Repo", "Sample.Repo\Sample.Repo.csproj", "{8D2A5564-E182-4788-8330-BD65DFB3DB2B}"
EndProject
Project("{9A19103F-16F7-4668-BE54-9A1E7A4F7556}") = "Sample.Entity", "Sample.Entity\Sample.Entity.csproj", "{B065F160-C819-45DC-88FD-042A2AB049B3}"
EndProject
Project("{9A19103F-16F7-4668-BE54-9A1E7A4F7556}") = "Sample.Service", "Sample.Service\Sample.Service.csproj", "{FF2A5412-38EB-4C0D-8080-259F7027B8BA}"
EndProject
Project("{FAE04EC0-301F-11D3-BF4B-00C04F79EFBC}") = "Sample.Tests", "Sample.Tests\Sample.Tests.csproj", "{545FD7F3-1AE7-4082-9E97-5FCA2B414E32}"
EndProject
Global
	GlobalSection(SolutionConfigurationPlatforms) = preSolution
		Debug|Any CPU = Debug|Any CPU
		Release|Any CPU = Release|Any CPU
	EndGlobalSection
	GlobalSection(ProjectConfigurationPlatforms) = postSolution
		{17125899-4E17-4C57-B171-B78AA0B9ECC1}.Debug|Any CPU.ActiveCfg = Debug|Any CPU
		{17125899-4E17-4C57-B171-B78AA0B9ECC1}.Debug|Any CPU.Build.0 = Debug|Any CPU
		{17125899-4E17-4C57-B171-B78AA0B9ECC1}.Release|Any CPU.ActiveCfg = Release|Any CPU
		{17125899-4E17-4C57-B171-B78AA0B9ECC1}.Release|Any CPU.Build.0 = Release|Any CPU
		{8D2A5564-E182-4788-8330-BD65DFB3DB2B}.Debug|Any CPU.ActiveCfg = Debug|Any CPU
		{8D2A5564-E182-4788-8330-BD65DFB3DB2B}.Debug|Any CPU.Build.0 = Debug|Any CPU
		{8D2A5564-E182-4788-8330-BD65DFB3DB2B}.Release|Any CPU.ActiveCfg = Release|Any CPU
		{8D2A5564-E182-4788-8330-BD65DFB3DB2B}.Release|Any CPU.Build.0 = Release|Any CPU
		{B065F160-C819-45DC-88FD-042A2AB049B3}.Debug|Any CPU.ActiveCfg = Debug|Any CPU
		{B065F160-C819-45DC-88FD-042A2AB049B3}.Debug|Any CPU.Build.0 = Debug|Any CPU
		{B065F160-C819-45DC-88FD-042A2AB049B3}.Release|Any CPU.ActiveCfg = Release|Any CPU
		{B065F160-C819-45DC-88FD-042A2AB049B3}.Release|Any CPU.Build.0 = Release|Any CPU
		{FF2A5412-38EB-4C0D-8080-259F7027B8BA}.Debug|Any CPU.ActiveCfg = Debug|Any CPU
		{FF2A5412-38EB-4C0D-8080-259F7027B8BA}.Debug|Any CPU.Build.0 = Debug|Any CPU
		{FF2A5412-38EB-4C0D-8080-259F7027B8BA}.Release|Any CPU.ActiveCfg = Release|Any CPU
		{FF2A5412-38EB-4C0D-8080-259F7027B8BA}.Release|Any CPU.Build.0 = Release|Any CPU
		{545FD7F3-1AE7-4082-9E97-5FCA2B414E32}.Debug|Any CPU.ActiveCfg = Debug|Any CPU
		{545FD7F3-1AE7-4082-9E97-5FCA2B414E32}.Debug|Any CPU.Build.0 = Debug|Any CPU
		{545FD7F3-1AE7-4082-9E97-5FCA2B414E32}.Release|Any CPU.ActiveCfg = Release|Any CPU
		{545FD7F3-1AE7-4082-9E97-5FCA2B414E32}.Release|Any CPU.Build.0 = Release|Any CPU
	EndGlobalSection
	GlobalSection(SolutionProperties) = preSolution
		HideSolutionNode = FALSE
	EndGlobalSection
	GlobalSection(ExtensibilityGlobals) = postSolution
		SolutionGuid = {09B0EF03-A770-4E9D-A545-8CC2027F0F3D}
	EndGlobalSection
EndGlobal
